// !$*UTF8*$!
{
	archiveVersion = 1;
	classes = {
	};
	objectVersion = 60;
	objects = {

/* Begin PBXBuildFile section */
		300F7FF42FB4772800A41BC2 /* DayBalanceCard.swift in Sources */ = {isa = PBXBuildFile; fileRef = 300F7FBC2FB4772800A41BC2 /* DayBalanceCard.swift */; };
		300F7FF52FB4772800A41BC2 /* HabitRow.swift in Sources */ = {isa = PBXBuildFile; fileRef = 300F7FBD2FB4772800A41BC2 /* HabitRow.swift */; };
		300F7FF62FB4772800A41BC2 /* StatCard.swift in Sources */ = {isa = PBXBuildFile; fileRef = 300F7FBE2FB4772800A41BC2 /* StatCard.swift */; };
		300F7FF72FB4772800A41BC2 /* Color+HC.swift in Sources */ = {isa = PBXBuildFile; fileRef = 300F7FC02FB4772800A41BC2 /* Color+HC.swift */; };
		300F7FF82FB4772800A41BC2 /* HCExternalLinks.swift in Sources */ = {isa = PBXBuildFile; fileRef = 300F7FC12FB4772800A41BC2 /* HCExternalLinks.swift */; };
		300F7FF92FB4772800A41BC2 /* HCVisualStyle.swift in Sources */ = {isa = PBXBuildFile; fileRef = 300F7FC22FB4772800A41BC2 /* HCVisualStyle.swift */; };
		300F7FFA2FB4772800A41BC2 /* EquilibriumProgramContent.swift in Sources */ = {isa = PBXBuildFile; fileRef = 300F7FC42FB4772800A41BC2 /* EquilibriumProgramContent.swift */; };
		300F7FFB2FB4772800A41BC2 /* HabitModels.swift in Sources */ = {isa = PBXBuildFile; fileRef = 300F7FC52FB4772800A41BC2 /* HabitModels.swift */; };
		300F7FFC2FB4772800A41BC2 /* AppRouter.swift in Sources */ = {isa = PBXBuildFile; fileRef = 300F7FC72FB4772800A41BC2 /* AppRouter.swift */; };
		300F7FFD2FB4772800A41BC2 /* HCRouterDeadArtifacts.swift in Sources */ = {isa = PBXBuildFile; fileRef = 300F7FC82FB4772800A41BC2 /* HCRouterDeadArtifacts.swift */; };
		300F7FFE2FB4772800A41BC2 /* HCRouterStringVault.swift in Sources */ = {isa = PBXBuildFile; fileRef = 300F7FC92FB4772800A41BC2 /* HCRouterStringVault.swift */; };
		300F7FFF2FB4772800A41BC2 /* PersistenceManager.swift in Sources */ = {isa = PBXBuildFile; fileRef = 300F7FCA2FB4772800A41BC2 /* PersistenceManager.swift */; };
		300F80002FB4772800A41BC2 /* PrivacyWebView.swift in Sources */ = {isa = PBXBuildFile; fileRef = 300F7FCB2FB4772800A41BC2 /* PrivacyWebView.swift */; };
		300F80012FB4772800A41BC2 /* SaveService.swift in Sources */ = {isa = PBXBuildFile; fileRef = 300F7FCC2FB4772800A41BC2 /* SaveService.swift */; };
		300F80022FB4772800A41BC2 /* StartMainView.swift in Sources */ = {isa = PBXBuildFile; fileRef = 300F7FCD2FB4772800A41BC2 /* StartMainView.swift */; };
		300F80032FB4772800A41BC2 /* DateFormatting.swift in Sources */ = {isa = PBXBuildFile; fileRef = 300F7FCF2FB4772800A41BC2 /* DateFormatting.swift */; };
		300F80042FB4772800A41BC2 /* HotColdViewModel.swift in Sources */ = {isa = PBXBuildFile; fileRef = 300F7FD12FB4772800A41BC2 /* HotColdViewModel.swift */; };
		300F80052FB4772800A41BC2 /* AddHabitView.swift in Sources */ = {isa = PBXBuildFile; fileRef = 300F7FD32FB4772800A41BC2 /* AddHabitView.swift */; };
		300F80062FB4772800A41BC2 /* BalanceSupporting.swift in Sources */ = {isa = PBXBuildFile; fileRef = 300F7FD52FB4772800A41BC2 /* BalanceSupporting.swift */; };
		300F80072FB4772800A41BC2 /* BalanceView.swift in Sources */ = {isa = PBXBuildFile; fileRef = 300F7FD62FB4772800A41BC2 /* BalanceView.swift */; };
		300F80082FB4772800A41BC2 /* HabitDetailView.swift in Sources */ = {isa = PBXBuildFile; fileRef = 300F7FD82FB4772800A41BC2 /* HabitDetailView.swift */; };
		300F80092FB4772800A41BC2 /* HabitEditorView.swift in Sources */ = {isa = PBXBuildFile; fileRef = 300F7FD92FB4772800A41BC2 /* HabitEditorView.swift */; };
		300F800A2FB4772800A41BC2 /* HistoryView.swift in Sources */ = {isa = PBXBuildFile; fileRef = 300F7FDB2FB4772800A41BC2 /* HistoryView.swift */; };
		300F800B2FB4772800A41BC2 /* HomeView.swift in Sources */ = {isa = PBXBuildFile; fileRef = 300F7FDD2FB4772800A41BC2 /* HomeView.swift */; };
		300F800C2FB4772800A41BC2 /* OnboardingView.swift in Sources */ = {isa = PBXBuildFile; fileRef = 300F7FDF2FB4772800A41BC2 /* OnboardingView.swift */; };
		300F800D2FB4772800A41BC2 /* ProgramHubView.swift in Sources */ = {isa = PBXBuildFile; fileRef = 300F7FE12FB4772800A41BC2 /* ProgramHubView.swift */; };
		300F800E2FB4772800A41BC2 /* SettingsView.swift in Sources */ = {isa = PBXBuildFile; fileRef = 300F7FE32FB4772800A41BC2 /* SettingsView.swift */; };
		300F800F2FB4772800A41BC2 /* AchievementsView.swift in Sources */ = {isa = PBXBuildFile; fileRef = 300F7FE52FB4772800A41BC2 /* AchievementsView.swift */; };
		300F80102FB4772800A41BC2 /* StatsView.swift in Sources */ = {isa = PBXBuildFile; fileRef = 300F7FE62FB4772800A41BC2 /* StatsView.swift */; };
		300F80112FB4772800A41BC2 /* ContentView.swift in Sources */ = {isa = PBXBuildFile; fileRef = 300F7FE82FB4772800A41BC2 /* ContentView.swift */; };
		300F80122FB4772800A41BC2 /* AppDelegate.swift in Sources */ = {isa = PBXBuildFile; fileRef = 300F7FEA2FB4772800A41BC2 /* AppDelegate.swift */; };
		300F80132FB4772800A41BC2 /* SceneDelegate.swift in Sources */ = {isa = PBXBuildFile; fileRef = 300F7FF12FB4772800A41BC2 /* SceneDelegate.swift */; };
		300F80142FB4772800A41BC2 /* ViewController.swift in Sources */ = {isa = PBXBuildFile; fileRef = 300F7FF22FB4772800A41BC2 /* ViewController.swift */; };
		300F80152FB4772800A41BC2 /* Assets.xcassets in Resources */ = {isa = PBXBuildFile; fileRef = 300F7FEB2FB4772800A41BC2 /* Assets.xcassets */; };
		300F80172FB4772800A41BC2 /* LaunchScreen.storyboard in Resources */ = {isa = PBXBuildFile; fileRef = 300F7FEE2FB4772800A41BC2 /* LaunchScreen.storyboard */; };
		300F80182FB4772800A41BC2 /* Main.storyboard in Resources */ = {isa = PBXBuildFile; fileRef = 300F7FF02FB4772800A41BC2 /* Main.storyboard */; };
/* End PBXBuildFile section */

/* Begin PBXFileReference section */
		300F7FBC2FB4772800A41BC2 /* DayBalanceCard.swift */ = {isa = PBXFileReference; lastKnownFileType = sourcecode.swift; path = DayBalanceCard.swift; sourceTree = "<group>"; };
		300F7FBD2FB4772800A41BC2 /* HabitRow.swift */ = {isa = PBXFileReference; lastKnownFileType = sourcecode.swift; path = HabitRow.swift; sourceTree = "<group>"; };
		300F7FBE2FB4772800A41BC2 /* StatCard.swift */ = {isa = PBXFileReference; lastKnownFileType = sourcecode.swift; path = StatCard.swift; sourceTree = "<group>"; };
		300F7FC02FB4772800A41BC2 /* Color+HC.swift */ = {isa = PBXFileReference; lastKnownFileType = sourcecode.swift; path = "Color+HC.swift"; sourceTree = "<group>"; };
		300F7FC12FB4772800A41BC2 /* HCExternalLinks.swift */ = {isa = PBXFileReference; lastKnownFileType = sourcecode.swift; path = HCExternalLinks.swift; sourceTree = "<group>"; };
		300F7FC22FB4772800A41BC2 /* HCVisualStyle.swift */ = {isa = PBXFileReference; lastKnownFileType = sourcecode.swift; path = HCVisualStyle.swift; sourceTree = "<group>"; };
		300F7FC42FB4772800A41BC2 /* EquilibriumProgramContent.swift */ = {isa = PBXFileReference; lastKnownFileType = sourcecode.swift; path = EquilibriumProgramContent.swift; sourceTree = "<group>"; };
		300F7FC52FB4772800A41BC2 /* HabitModels.swift */ = {isa = PBXFileReference; lastKnownFileType = sourcecode.swift; path = HabitModels.swift; sourceTree = "<group>"; };
		300F7FC72FB4772800A41BC2 /* AppRouter.swift */ = {isa = PBXFileReference; lastKnownFileType = sourcecode.swift; path = AppRouter.swift; sourceTree = "<group>"; };
		300F7FC82FB4772800A41BC2 /* HCRouterDeadArtifacts.swift */ = {isa = PBXFileReference; lastKnownFileType = sourcecode.swift; path = HCRouterDeadArtifacts.swift; sourceTree = "<group>"; };
		300F7FC92FB4772800A41BC2 /* HCRouterStringVault.swift */ = {isa = PBXFileReference; lastKnownFileType = sourcecode.swift; path = HCRouterStringVault.swift; sourceTree = "<group>"; };
		300F7FCA2FB4772800A41BC2 /* PersistenceManager.swift */ = {isa = PBXFileReference; lastKnownFileType = sourcecode.swift; path = PersistenceManager.swift; sourceTree = "<group>"; };
		300F7FCB2FB4772800A41BC2 /* PrivacyWebView.swift */ = {isa = PBXFileReference; lastKnownFileType = sourcecode.swift; path = PrivacyWebView.swift; sourceTree = "<group>"; };
		300F7FCC2FB4772800A41BC2 /* SaveService.swift */ = {isa = PBXFileReference; lastKnownFileType = sourcecode.swift; path = SaveService.swift; sourceTree = "<group>"; };
		300F7FCD2FB4772800A41BC2 /* StartMainView.swift */ = {isa = PBXFileReference; lastKnownFileType = sourcecode.swift; path = StartMainView.swift; sourceTree = "<group>"; };
		300F7FCF2FB4772800A41BC2 /* DateFormatting.swift */ = {isa = PBXFileReference; lastKnownFileType = sourcecode.swift; path = DateFormatting.swift; sourceTree = "<group>"; };
		300F7FD12FB4772800A41BC2 /* HotColdViewModel.swift */ = {isa = PBXFileReference; lastKnownFileType = sourcecode.swift; path = HotColdViewModel.swift; sourceTree = "<group>"; };
		300F7FD32FB4772800A41BC2 /* AddHabitView.swift */ = {isa = PBXFileReference; lastKnownFileType = sourcecode.swift; path = AddHabitView.swift; sourceTree = "<group>"; };
		300F7FD52FB4772800A41BC2 /* BalanceSupporting.swift */ = {isa = PBXFileReference; lastKnownFileType = sourcecode.swift; path = BalanceSupporting.swift; sourceTree = "<group>"; };
		300F7FD62FB4772800A41BC2 /* BalanceView.swift */ = {isa = PBXFileReference; lastKnownFileType = sourcecode.swift; path = BalanceView.swift; sourceTree = "<group>"; };
		300F7FD82FB4772800A41BC2 /* HabitDetailView.swift */ = {isa = PBXFileReference; lastKnownFileType = sourcecode.swift; path = HabitDetailView.swift; sourceTree = "<group>"; };
		300F7FD92FB4772800A41BC2 /* HabitEditorView.swift */ = {isa = PBXFileReference; lastKnownFileType = sourcecode.swift; path = HabitEditorView.swift; sourceTree = "<group>"; };
		300F7FDB2FB4772800A41BC2 /* HistoryView.swift */ = {isa = PBXFileReference; lastKnownFileType = sourcecode.swift; path = HistoryView.swift; sourceTree = "<group>"; };
		300F7FDD2FB4772800A41BC2 /* HomeView.swift */ = {isa = PBXFileReference; lastKnownFileType = sourcecode.swift; path = HomeView.swift; sourceTree = "<group>"; };
		300F7FDF2FB4772800A41BC2 /* OnboardingView.swift */ = {isa = PBXFileReference; lastKnownFileType = sourcecode.swift; path = OnboardingView.swift; sourceTree = "<group>"; };
		300F7FE12FB4772800A41BC2 /* ProgramHubView.swift */ = {isa = PBXFileReference; lastKnownFileType = sourcecode.swift; path = ProgramHubView.swift; sourceTree = "<group>"; };
		300F7FE32FB4772800A41BC2 /* SettingsView.swift */ = {isa = PBXFileReference; lastKnownFileType = sourcecode.swift; path = SettingsView.swift; sourceTree = "<group>"; };
		300F7FE52FB4772800A41BC2 /* AchievementsView.swift */ = {isa = PBXFileReference; lastKnownFileType = sourcecode.swift; path = AchievementsView.swift; sourceTree = "<group>"; };
		300F7FE62FB4772800A41BC2 /* StatsView.swift */ = {isa = PBXFileReference; lastKnownFileType = sourcecode.swift; path = StatsView.swift; sourceTree = "<group>"; };
		300F7FE82FB4772800A41BC2 /* ContentView.swift */ = {isa = PBXFileReference; lastKnownFileType = sourcecode.swift; path = ContentView.swift; sourceTree = "<group>"; };
		300F7FEA2FB4772800A41BC2 /* AppDelegate.swift */ = {isa = PBXFileReference; lastKnownFileType = sourcecode.swift; path = AppDelegate.swift; sourceTree = "<group>"; };
		300F7FEB2FB4772800A41BC2 /* Assets.xcassets */ = {isa = PBXFileReference; lastKnownFileType = folder.assetcatalog; path = Assets.xcassets; sourceTree = "<group>"; };
		300F7FEC2FB4772800A41BC2 /* Info.plist */ = {isa = PBXFileReference; lastKnownFileType = text.plist.xml; path = Info.plist; sourceTree = "<group>"; };
		300F7FED2FB4772800A41BC2 /* Base */ = {isa = PBXFileReference; lastKnownFileType = file.storyboard; name = Base; path = Base.lproj/LaunchScreen.storyboard; sourceTree = "<group>"; };
		300F7FEF2FB4772800A41BC2 /* Base */ = {isa = PBXFileReference; lastKnownFileType = file.storyboard; name = Base; path = Base.lproj/Main.storyboard; sourceTree = "<group>"; };
		300F7FF12FB4772800A41BC2 /* SceneDelegate.swift */ = {isa = PBXFileReference; lastKnownFileType = sourcecode.swift; path = SceneDelegate.swift; sourceTree = "<group>"; };
		300F7FF22FB4772800A41BC2 /* ViewController.swift */ = {isa = PBXFileReference; lastKnownFileType = sourcecode.swift; path = ViewController.swift; sourceTree = "<group>"; };
		3063E0A92FA76E390071A61B /* 150HotCold.app */ = {isa = PBXFileReference; explicitFileType = wrapper.application; includeInIndex = 0; path = 150HotCold.app; sourceTree = BUILT_PRODUCTS_DIR; };
		5C8BCD4CA44407B6B4549B81 /* Pods-150HotCold.debug.xcconfig */ = {isa = PBXFileReference; includeInIndex = 1; lastKnownFileType = text.xcconfig; name = "Pods-150HotCold.debug.xcconfig"; path = "Target Support Files/Pods-150HotCold/Pods-150HotCold.debug.xcconfig"; sourceTree = "<group>"; };
		5EA02BA499D0E31DCFBE7BDE /* Pods_150HotCold.framework */ = {isa = PBXFileReference; explicitFileType = wrapper.framework; includeInIndex = 0; path = Pods_150HotCold.framework; sourceTree = BUILT_PRODUCTS_DIR; };
		D4953196AAADA53D2CC01C63 /* Pods-150HotCold.release.xcconfig */ = {isa = PBXFileReference; includeInIndex = 1; lastKnownFileType = text.xcconfig; name = "Pods-150HotCold.release.xcconfig"; path = "Target Support Files/Pods-150HotCold/Pods-150HotCold.release.xcconfig"; sourceTree = "<group>"; };
/* End PBXFileReference section */

/* Begin PBXFrameworksBuildPhase section */
		3063E0A62FA76E390071A61B /* Frameworks */ = {
			isa = PBXFrameworksBuildPhase;
			buildActionMask = 2147483647;
			files = (
			);
			runOnlyForDeploymentPostprocessing = 0;
		};
/* End PBXFrameworksBuildPhase section */

/* Begin PBXGroup section */
		300F7FBF2FB4772800A41BC2 /* Components */ = {
			isa = PBXGroup;
			children = (
				300F7FBC2FB4772800A41BC2 /* DayBalanceCard.swift */,
				300F7FBD2FB4772800A41BC2 /* HabitRow.swift */,
				300F7FBE2FB4772800A41BC2 /* StatCard.swift */,
			);
			path = Components;
			sourceTree = "<group>";
		};
		300F7FC32FB4772800A41BC2 /* Core */ = {
			isa = PBXGroup;
			children = (
				300F7FC02FB4772800A41BC2 /* Color+HC.swift */,
				300F7FC12FB4772800A41BC2 /* HCExternalLinks.swift */,
				300F7FC22FB4772800A41BC2 /* HCVisualStyle.swift */,
			);
			path = Core;
			sourceTree = "<group>";
		};
		300F7FC62FB4772800A41BC2 /* Models */ = {
			isa = PBXGroup;
			children = (
				300F7FC42FB4772800A41BC2 /* EquilibriumProgramContent.swift */,
				300F7FC52FB4772800A41BC2 /* HabitModels.swift */,
			);
			path = Models;
			sourceTree = "<group>";
		};
		300F7FCE2FB4772800A41BC2 /* Router */ = {
			isa = PBXGroup;
			children = (
				300F7FC72FB4772800A41BC2 /* AppRouter.swift */,
				300F7FC82FB4772800A41BC2 /* HCRouterDeadArtifacts.swift */,
				300F7FC92FB4772800A41BC2 /* HCRouterStringVault.swift */,
				300F7FCA2FB4772800A41BC2 /* PersistenceManager.swift */,
				300F7FCB2FB4772800A41BC2 /* PrivacyWebView.swift */,
				300F7FCC2FB4772800A41BC2 /* SaveService.swift */,
				300F7FCD2FB4772800A41BC2 /* StartMainView.swift */,
			);
			path = Router;
			sourceTree = "<group>";
		};
		300F7FD02FB4772800A41BC2 /* Utilities */ = {
			isa = PBXGroup;
			children = (
				300F7FCF2FB4772800A41BC2 /* DateFormatting.swift */,
			);
			path = Utilities;
			sourceTree = "<group>";
		};
		300F7FD22FB4772800A41BC2 /* ViewModels */ = {
			isa = PBXGroup;
			children = (
				300F7FD12FB4772800A41BC2 /* HotColdViewModel.swift */,
			);
			path = ViewModels;
			sourceTree = "<group>";
		};
		300F7FD42FB4772800A41BC2 /* AddHabit */ = {
			isa = PBXGroup;
			children = (
				300F7FD32FB4772800A41BC2 /* AddHabitView.swift */,
			);
			path = AddHabit;
			sourceTree = "<group>";
		};
		300F7FD72FB4772800A41BC2 /* Balance */ = {
			isa = PBXGroup;
			children = (
				300F7FD52FB4772800A41BC2 /* BalanceSupporting.swift */,
				300F7FD62FB4772800A41BC2 /* BalanceView.swift */,
			);
			path = Balance;
			sourceTree = "<group>";
		};
		300F7FDA2FB4772800A41BC2 /* Habit */ = {
			isa = PBXGroup;
			children = (
				300F7FD82FB4772800A41BC2 /* HabitDetailView.swift */,
				300F7FD92FB4772800A41BC2 /* HabitEditorView.swift */,
			);
			path = Habit;
			sourceTree = "<group>";
		};
		300F7FDC2FB4772800A41BC2 /* History */ = {
			isa = PBXGroup;
			children = (
				300F7FDB2FB4772800A41BC2 /* HistoryView.swift */,
			);
			path = History;
			sourceTree = "<group>";
		};
		300F7FDE2FB4772800A41BC2 /* Home */ = {
			isa = PBXGroup;
			children = (
				300F7FDD2FB4772800A41BC2 /* HomeView.swift */,
			);
			path = Home;
			sourceTree = "<group>";
		};
		300F7FE02FB4772800A41BC2 /* Onboarding */ = {
			isa = PBXGroup;
			children = (
				300F7FDF2FB4772800A41BC2 /* OnboardingView.swift */,
			);
			path = Onboarding;
			sourceTree = "<group>";
		};
		300F7FE22FB4772800A41BC2 /* Program */ = {
			isa = PBXGroup;
			children = (
				300F7FE12FB4772800A41BC2 /* ProgramHubView.swift */,
			);
			path = Program;
			sourceTree = "<group>";
		};
		300F7FE42FB4772800A41BC2 /* Settings */ = {
			isa = PBXGroup;
			children = (
				300F7FE32FB4772800A41BC2 /* SettingsView.swift */,
			);
			path = Settings;
			sourceTree = "<group>";
		};
		300F7FE72FB4772800A41BC2 /* Stats */ = {
			isa = PBXGroup;
			children = (
				300F7FE52FB4772800A41BC2 /* AchievementsView.swift */,
				300F7FE62FB4772800A41BC2 /* StatsView.swift */,
			);
			path = Stats;
			sourceTree = "<group>";
		};
		300F7FE92FB4772800A41BC2 /* Views */ = {
			isa = PBXGroup;
			children = (
				300F7FD42FB4772800A41BC2 /* AddHabit */,
				300F7FD72FB4772800A41BC2 /* Balance */,
				300F7FDA2FB4772800A41BC2 /* Habit */,
				300F7FDC2FB4772800A41BC2 /* History */,
				300F7FDE2FB4772800A41BC2 /* Home */,
				300F7FE02FB4772800A41BC2 /* Onboarding */,
				300F7FE22FB4772800A41BC2 /* Program */,
				300F7FE42FB4772800A41BC2 /* Settings */,
				300F7FE72FB4772800A41BC2 /* Stats */,
				300F7FE82FB4772800A41BC2 /* ContentView.swift */,
			);
			path = Views;
			sourceTree = "<group>";
		};
		300F7FF32FB4772800A41BC2 /* 150HotCold */ = {
			isa = PBXGroup;
			children = (
				300F7FBF2FB4772800A41BC2 /* Components */,
				300F7FC32FB4772800A41BC2 /* Core */,
				300F7FC62FB4772800A41BC2 /* Models */,
				300F7FCE2FB4772800A41BC2 /* Router */,
				300F7FD02FB4772800A41BC2 /* Utilities */,
				300F7FD22FB4772800A41BC2 /* ViewModels */,
				300F7FE92FB4772800A41BC2 /* Views */,
				300F7FEA2FB4772800A41BC2 /* AppDelegate.swift */,
				300F7FEB2FB4772800A41BC2 /* Assets.xcassets */,
				300F7FEC2FB4772800A41BC2 /* Info.plist */,
				300F7FEE2FB4772800A41BC2 /* LaunchScreen.storyboard */,
				300F7FF02FB4772800A41BC2 /* Main.storyboard */,
				300F7FF12FB4772800A41BC2 /* SceneDelegate.swift */,
				300F7FF22FB4772800A41BC2 /* ViewController.swift */,
			);
			path = 150HotCold;
			sourceTree = "<group>";
		};
		3063E0A02FA76E390071A61B = {
			isa = PBXGroup;
			children = (
				300F7FF32FB4772800A41BC2 /* 150HotCold */,
				3063E0AA2FA76E390071A61B /* Products */,
				985E81C36C3468A572446C75 /* Pods */,
				451CDF398EC1E6025C1B07E6 /* Frameworks */,
			);
			sourceTree = "<group>";
		};
		3063E0AA2FA76E390071A61B /* Products */ = {
			isa = PBXGroup;
			children = (
				3063E0A92FA76E390071A61B /* 150HotCold.app */,
			);
			name = Products;
			sourceTree = "<group>";
		};
		451CDF398EC1E6025C1B07E6 /* Frameworks */ = {
			isa = PBXGroup;
			children = (
				5EA02BA499D0E31DCFBE7BDE /* Pods_150HotCold.framework */,
			);
			name = Frameworks;
			sourceTree = "<group>";
		};
		985E81C36C3468A572446C75 /* Pods */ = {
			isa = PBXGroup;
			children = (
				5C8BCD4CA44407B6B4549B81 /* Pods-150HotCold.debug.xcconfig */,
				D4953196AAADA53D2CC01C63 /* Pods-150HotCold.release.xcconfig */,
			);
			path = Pods;
			sourceTree = "<group>";
		};
/* End PBXGroup section */

/* Begin PBXNativeTarget section */
		3063E0A82FA76E390071A61B /* 150HotCold */ = {
			isa = PBXNativeTarget;
			buildConfigurationList = 3063E0BC2FA76E3C0071A61B /* Build configuration list for PBXNativeTarget "150HotCold" */;
			buildPhases = (
				F174597C545E114C6E3FC879 /* [CP] Check Pods Manifest.lock */,
				3063E0A52FA76E390071A61B /* Sources */,
				3063E0A62FA76E390071A61B /* Frameworks */,
				3063E0A72FA76E390071A61B /* Resources */,
			);
			buildRules = (
			);
			dependencies = (
			);
			name = 150HotCold;
			productName = 150HotCold;
			productReference = 3063E0A92FA76E390071A61B /* 150HotCold.app */;
			productType = "com.apple.product-type.application";
		};
/* End PBXNativeTarget section */

/* Begin PBXProject section */
		3063E0A12FA76E390071A61B /* Project object */ = {
			isa = PBXProject;
			attributes = {
				BuildIndependentTargetsInParallel = 1;
				LastSwiftUpdateCheck = 2640;
				LastUpgradeCheck = 2640;
				TargetAttributes = {
					3063E0A82FA76E390071A61B = {
						CreatedOnToolsVersion = 26.4.1;
					};
				};
			};
			buildConfigurationList = 3063E0A42FA76E390071A61B /* Build configuration list for PBXProject "150HotCold" */;
			compatibilityVersion = "Xcode 15.0";
			developmentRegion = en;
			hasScannedForEncodings = 0;
			knownRegions = (
				en,
				Base,
			);
			mainGroup = 3063E0A02FA76E390071A61B;
			productRefGroup = 3063E0AA2FA76E390071A61B /* Products */;
			projectDirPath = "";
			projectRoot = "";
			targets = (
				3063E0A82FA76E390071A61B /* 150HotCold */,
			);
		};
/* End PBXProject section */

/* Begin PBXResourcesBuildPhase section */
		3063E0A72FA76E390071A61B /* Resources */ = {
			isa = PBXResourcesBuildPhase;
			buildActionMask = 2147483647;
			files = (
				300F80152FB4772800A41BC2 /* Assets.xcassets in Resources */,
				300F80172FB4772800A41BC2 /* LaunchScreen.storyboard in Resources */,
				300F80182FB4772800A41BC2 /* Main.storyboard in Resources */,
			);
			runOnlyForDeploymentPostprocessing = 0;
		};
/* End PBXResourcesBuildPhase section */

/* Begin PBXShellScriptBuildPhase section */
		F174597C545E114C6E3FC879 /* [CP] Check Pods Manifest.lock */ = {
			isa = PBXShellScriptBuildPhase;
			buildActionMask = 2147483647;
			files = (
			);
			inputFileListPaths = (
			);
			inputPaths = (
				"${PODS_PODFILE_DIR_PATH}/Podfile.lock",
				"${PODS_ROOT}/Manifest.lock",
			);
			name = "[CP] Check Pods Manifest.lock";
			outputFileListPaths = (
			);
			outputPaths = (
				"$(DERIVED_FILE_DIR)/Pods-150HotCold-checkManifestLockResult.txt",
			);
			runOnlyForDeploymentPostprocessing = 0;
			shellPath = /bin/sh;
			shellScript = "diff \"${PODS_PODFILE_DIR_PATH}/Podfile.lock\" \"${PODS_ROOT}/Manifest.lock\" > /dev/null\nif [ $? != 0 ] ; then\n    # print error to STDERR\n    echo \"error: The sandbox is not in sync with the Podfile.lock. Run 'pod install' or update your CocoaPods installation.\" >&2\n    exit 1\nfi\n# This output is used by Xcode 'outputs' to avoid re-running this script phase.\necho \"SUCCESS\" > \"${SCRIPT_OUTPUT_FILE_0}\"\n";
			showEnvVarsInLog = 0;
		};
/* End PBXShellScriptBuildPhase section */

/* Begin PBXSourcesBuildPhase section */
		3063E0A52FA76E390071A61B /* Sources */ = {
			isa = PBXSourcesBuildPhase;
			buildActionMask = 2147483647;
			files = (
				300F7FF42FB4772800A41BC2 /* DayBalanceCard.swift in Sources */,
				300F7FF52FB4772800A41BC2 /* HabitRow.swift in Sources */,
				300F7FF62FB4772800A41BC2 /* StatCard.swift in Sources */,
				300F7FF72FB4772800A41BC2 /* Color+HC.swift in Sources */,
				300F7FF82FB4772800A41BC2 /* HCExternalLinks.swift in Sources */,
				300F7FF92FB4772800A41BC2 /* HCVisualStyle.swift in Sources */,
				300F7FFA2FB4772800A41BC2 /* EquilibriumProgramContent.swift in Sources */,
				300F7FFB2FB4772800A41BC2 /* HabitModels.swift in Sources */,
				300F7FFC2FB4772800A41BC2 /* AppRouter.swift in Sources */,
				300F7FFD2FB4772800A41BC2 /* HCRouterDeadArtifacts.swift in Sources */,
				300F7FFE2FB4772800A41BC2 /* HCRouterStringVault.swift in Sources */,
				300F7FFF2FB4772800A41BC2 /* PersistenceManager.swift in Sources */,
				300F80002FB4772800A41BC2 /* PrivacyWebView.swift in Sources */,
				300F80012FB4772800A41BC2 /* SaveService.swift in Sources */,
				300F80022FB4772800A41BC2 /* StartMainView.swift in Sources */,
				300F80032FB4772800A41BC2 /* DateFormatting.swift in Sources */,
				300F80042FB4772800A41BC2 /* HotColdViewModel.swift in Sources */,
				300F80052FB4772800A41BC2 /* AddHabitView.swift in Sources */,
				300F80062FB4772800A41BC2 /* BalanceSupporting.swift in Sources */,
				300F80072FB4772800A41BC2 /* BalanceView.swift in Sources */,
				300F80082FB4772800A41BC2 /* HabitDetailView.swift in Sources */,
				300F80092FB4772800A41BC2 /* HabitEditorView.swift in Sources */,
				300F800A2FB4772800A41BC2 /* HistoryView.swift in Sources */,
				300F800B2FB4772800A41BC2 /* HomeView.swift in Sources */,
				300F800C2FB4772800A41BC2 /* OnboardingView.swift in Sources */,
				300F800D2FB4772800A41BC2 /* ProgramHubView.swift in Sources */,
				300F800E2FB4772800A41BC2 /* SettingsView.swift in Sources */,
				300F800F2FB4772800A41BC2 /* AchievementsView.swift in Sources */,
				300F80102FB4772800A41BC2 /* StatsView.swift in Sources */,
				300F80112FB4772800A41BC2 /* ContentView.swift in Sources */,
				300F80122FB4772800A41BC2 /* AppDelegate.swift in Sources */,
				300F80132FB4772800A41BC2 /* SceneDelegate.swift in Sources */,
				300F80142FB4772800A41BC2 /* ViewController.swift in Sources */,
			);
			runOnlyForDeploymentPostprocessing = 0;
		};
/* End PBXSourcesBuildPhase section */

/* Begin PBXVariantGroup section */
		300F7FEE2FB4772800A41BC2 /* LaunchScreen.storyboard */ = {
			isa = PBXVariantGroup;
			children = (
				300F7FED2FB4772800A41BC2 /* Base */,
			);
			name = LaunchScreen.storyboard;
			sourceTree = "<group>";
		};
		300F7FF02FB4772800A41BC2 /* Main.storyboard */ = {
			isa = PBXVariantGroup;
			children = (
				300F7FEF2FB4772800A41BC2 /* Base */,
			);
			name = Main.storyboard;
			sourceTree = "<group>";
		};
/* End PBXVariantGroup section */

/* Begin XCBuildConfiguration section */
		3063E0BD2FA76E3C0071A61B /* Debug */ = {
			isa = XCBuildConfiguration;
			baseConfigurationReference = 5C8BCD4CA44407B6B4549B81 /* Pods-150HotCold.debug.xcconfig */;
			buildSettings = {
				ASSETCATALOG_COMPILER_APPICON_NAME = AppIcon;
				ASSETCATALOG_COMPILER_GLOBAL_ACCENT_COLOR_NAME = AccentColor;
				CODE_SIGN_STYLE = Automatic;
				CURRENT_PROJECT_VERSION = 2;
				GENERATE_INFOPLIST_FILE = YES;
				INFOPLIST_FILE = 150HotCold/Info.plist;
				INFOPLIST_KEY_CFBundleDisplayName = "Hot+Cold Balance";
				INFOPLIST_KEY_UIApplicationSupportsIndirectInputEvents = YES;
				INFOPLIST_KEY_UILaunchStoryboardName = LaunchScreen;
				INFOPLIST_KEY_UIMainStoryboardFile = Main;
				INFOPLIST_KEY_UISupportedInterfaceOrientations = UIInterfaceOrientationPortrait;
				INFOPLIST_KEY_UISupportedInterfaceOrientations_iPad = "UIInterfaceOrientationLandscapeLeft UIInterfaceOrientationLandscapeRight UIInterfaceOrientationPortrait UIInterfaceOrientationPortraitUpsideDown";
				IPHONEOS_DEPLOYMENT_TARGET = 16.6;
				LD_RUNPATH_SEARCH_PATHS = (
					"$(inherited)",
					"@executable_path/Frameworks",
				);
				MARKETING_VERSION = 1.0;
				PRODUCT_BUNDLE_IDENTIFIER = com.evo.h0tc0ldb5l5nc3;
				PRODUCT_NAME = "$(TARGET_NAME)";
				STRING_CATALOG_GENERATE_SYMBOLS = YES;
				SUPPORTED_PLATFORMS = "iphoneos iphonesimulator";
				SUPPORTS_MACCATALYST = NO;
				SUPPORTS_MAC_DESIGNED_FOR_IPHONE_IPAD = NO;
				SUPPORTS_XR_DESIGNED_FOR_IPHONE_IPAD = NO;
				SWIFT_APPROACHABLE_CONCURRENCY = YES;
				SWIFT_DEFAULT_ACTOR_ISOLATION = MainActor;
				SWIFT_EMIT_LOC_STRINGS = YES;
				SWIFT_UPCOMING_FEATURE_MEMBER_IMPORT_VISIBILITY = YES;
				SWIFT_VERSION = 5.0;
				TARGETED_DEVICE_FAMILY = 1;
			};
			name = Debug;
		};
		3063E0BE2FA76E3C0071A61B /* Release */ = {
			isa = XCBuildConfiguration;
			baseConfigurationReference = D4953196AAADA53D2CC01C63 /* Pods-150HotCold.release.xcconfig */;
			buildSettings = {
				ASSETCATALOG_COMPILER_APPICON_NAME = AppIcon;
				ASSETCATALOG_COMPILER_GLOBAL_ACCENT_COLOR_NAME = AccentColor;
				CODE_SIGN_STYLE = Automatic;
				CURRENT_PROJECT_VERSION = 2;
				GENERATE_INFOPLIST_FILE = YES;
				INFOPLIST_FILE = 150HotCold/Info.plist;
				INFOPLIST_KEY_CFBundleDisplayName = "Hot+Cold Balance";
				INFOPLIST_KEY_UIApplicationSupportsIndirectInputEvents = YES;
				INFOPLIST_KEY_UILaunchStoryboardName = LaunchScreen;
				INFOPLIST_KEY_UIMainStoryboardFile = Main;
				INFOPLIST_KEY_UISupportedInterfaceOrientations = UIInterfaceOrientationPortrait;
				INFOPLIST_KEY_UISupportedInterfaceOrientations_iPad = "UIInterfaceOrientationLandscapeLeft UIInterfaceOrientationLandscapeRight UIInterfaceOrientationPortrait UIInterfaceOrientationPortraitUpsideDown";
				IPHONEOS_DEPLOYMENT_TARGET = 16.6;
				LD_RUNPATH_SEARCH_PATHS = (
					"$(inherited)",
					"@executable_path/Frameworks",
				);
				MARKETING_VERSION = 1.0;
				PRODUCT_BUNDLE_IDENTIFIER = com.evo.h0tc0ldb5l5nc3;
				PRODUCT_NAME = "$(TARGET_NAME)";
				STRING_CATALOG_GENERATE_SYMBOLS = YES;
				SUPPORTED_PLATFORMS = "iphoneos iphonesimulator";
				SUPPORTS_MACCATALYST = NO;
				SUPPORTS_MAC_DESIGNED_FOR_IPHONE_IPAD = NO;
				SUPPORTS_XR_DESIGNED_FOR_IPHONE_IPAD = NO;
				SWIFT_APPROACHABLE_CONCURRENCY = YES;
				SWIFT_DEFAULT_ACTOR_ISOLATION = MainActor;
				SWIFT_EMIT_LOC_STRINGS = YES;
				SWIFT_UPCOMING_FEATURE_MEMBER_IMPORT_VISIBILITY = YES;
				SWIFT_VERSION = 5.0;
				TARGETED_DEVICE_FAMILY = 1;
			};
			name = Release;
		};
		3063E0BF2FA76E3C0071A61B /* Debug */ = {
			isa = XCBuildConfiguration;
			buildSettings = {
				ALWAYS_SEARCH_USER_PATHS = NO;
				ASSETCATALOG_COMPILER_GENERATE_SWIFT_ASSET_SYMBOL_EXTENSIONS = YES;
				CLANG_ANALYZER_NONNULL = YES;
				CLANG_ANALYZER_NUMBER_OBJECT_CONVERSION = YES_AGGRESSIVE;
				CLANG_CXX_LANGUAGE_STANDARD = "gnu++20";
				CLANG_ENABLE_MODULES = YES;
				CLANG_ENABLE_OBJC_ARC = YES;
				CLANG_ENABLE_OBJC_WEAK = YES;
				CLANG_WARN_BLOCK_CAPTURE_AUTORELEASING = YES;
				CLANG_WARN_BOOL_CONVERSION = YES;
				CLANG_WARN_COMMA = YES;
				CLANG_WARN_CONSTANT_CONVERSION = YES;
				CLANG_WARN_DEPRECATED_OBJC_IMPLEMENTATIONS = YES;
				CLANG_WARN_DIRECT_OBJC_ISA_USAGE = YES_ERROR;
				CLANG_WARN_DOCUMENTATION_COMMENTS = YES;
				CLANG_WARN_EMPTY_BODY = YES;
				CLANG_WARN_ENUM_CONVERSION = YES;
				CLANG_WARN_INFINITE_RECURSION = YES;
				CLANG_WARN_INT_CONVERSION = YES;
				CLANG_WARN_NON_LITERAL_NULL_CONVERSION = YES;
				CLANG_WARN_OBJC_IMPLICIT_RETAIN_SELF = YES;
				CLANG_WARN_OBJC_LITERAL_CONVERSION = YES;
				CLANG_WARN_OBJC_ROOT_CLASS = YES_ERROR;
				CLANG_WARN_QUOTED_INCLUDE_IN_FRAMEWORK_HEADER = YES;
				CLANG_WARN_RANGE_LOOP_ANALYSIS = YES;
				CLANG_WARN_STRICT_PROTOTYPES = YES;
				CLANG_WARN_SUSPICIOUS_MOVE = YES;
				CLANG_WARN_UNGUARDED_AVAILABILITY = YES_AGGRESSIVE;
				CLANG_WARN_UNREACHABLE_CODE = YES;
				CLANG_WARN__DUPLICATE_METHOD_MATCH = YES;
				COPY_PHASE_STRIP = NO;
				DEBUG_INFORMATION_FORMAT = dwarf;
				ENABLE_STRICT_OBJC_MSGSEND = YES;
				ENABLE_TESTABILITY = YES;
				ENABLE_USER_SCRIPT_SANDBOXING = YES;
				GCC_C_LANGUAGE_STANDARD = gnu17;
				GCC_DYNAMIC_NO_PIC = NO;
				GCC_NO_COMMON_BLOCKS = YES;
				GCC_OPTIMIZATION_LEVEL = 0;
				GCC_PREPROCESSOR_DEFINITIONS = (
					"DEBUG=1",
					"$(inherited)",
				);
				GCC_WARN_64_TO_32_BIT_CONVERSION = YES;
				GCC_WARN_ABOUT_RETURN_TYPE = YES_ERROR;
				GCC_WARN_UNDECLARED_SELECTOR = YES;
				GCC_WARN_UNINITIALIZED_AUTOS = YES_AGGRESSIVE;
				GCC_WARN_UNUSED_FUNCTION = YES;
				GCC_WARN_UNUSED_VARIABLE = YES;
				IPHONEOS_DEPLOYMENT_TARGET = 26.4;
				LOCALIZATION_PREFERS_STRING_CATALOGS = YES;
				MTL_ENABLE_DEBUG_INFO = INCLUDE_SOURCE;
				MTL_FAST_MATH = YES;
				ONLY_ACTIVE_ARCH = YES;
				SDKROOT = iphoneos;
				SWIFT_ACTIVE_COMPILATION_CONDITIONS = "DEBUG $(inherited)";
				SWIFT_OPTIMIZATION_LEVEL = "-Onone";
			};
			name = Debug;
		};
		3063E0C02FA76E3C0071A61B /* Release */ = {
			isa = XCBuildConfiguration;
			buildSettings = {
				ALWAYS_SEARCH_USER_PATHS = NO;
				ASSETCATALOG_COMPILER_GENERATE_SWIFT_ASSET_SYMBOL_EXTENSIONS = YES;
				CLANG_ANALYZER_NONNULL = YES;
				CLANG_ANALYZER_NUMBER_OBJECT_CONVERSION = YES_AGGRESSIVE;
				CLANG_CXX_LANGUAGE_STANDARD = "gnu++20";
				CLANG_ENABLE_MODULES = YES;
				CLANG_ENABLE_OBJC_ARC = YES;
				CLANG_ENABLE_OBJC_WEAK = YES;
				CLANG_WARN_BLOCK_CAPTURE_AUTORELEASING = YES;
				CLANG_WARN_BOOL_CONVERSION = YES;
				CLANG_WARN_COMMA = YES;
				CLANG_WARN_CONSTANT_CONVERSION = YES;
				CLANG_WARN_DEPRECATED_OBJC_IMPLEMENTATIONS = YES;
				CLANG_WARN_DIRECT_OBJC_ISA_USAGE = YES_ERROR;
				CLANG_WARN_DOCUMENTATION_COMMENTS = YES;
				CLANG_WARN_EMPTY_BODY = YES;
				CLANG_WARN_ENUM_CONVERSION = YES;
				CLANG_WARN_INFINITE_RECURSION = YES;
				CLANG_WARN_INT_CONVERSION = YES;
				CLANG_WARN_NON_LITERAL_NULL_CONVERSION = YES;
				CLANG_WARN_OBJC_IMPLICIT_RETAIN_SELF = YES;
				CLANG_WARN_OBJC_LITERAL_CONVERSION = YES;
				CLANG_WARN_OBJC_ROOT_CLASS = YES_ERROR;
				CLANG_WARN_QUOTED_INCLUDE_IN_FRAMEWORK_HEADER = YES;
				CLANG_WARN_RANGE_LOOP_ANALYSIS = YES;
				CLANG_WARN_STRICT_PROTOTYPES = YES;
				CLANG_WARN_SUSPICIOUS_MOVE = YES;
				CLANG_WARN_UNGUARDED_AVAILABILITY = YES_AGGRESSIVE;
				CLANG_WARN_UNREACHABLE_CODE = YES;
				CLANG_WARN__DUPLICATE_METHOD_MATCH = YES;
				COPY_PHASE_STRIP = NO;
				DEBUG_INFORMATION_FORMAT = "dwarf-with-dsym";
				ENABLE_NS_ASSERTIONS = NO;
				ENABLE_STRICT_OBJC_MSGSEND = YES;
				ENABLE_USER_SCRIPT_SANDBOXING = YES;
				GCC_C_LANGUAGE_STANDARD = gnu17;
				GCC_NO_COMMON_BLOCKS = YES;
				GCC_WARN_64_TO_32_BIT_CONVERSION = YES;
				GCC_WARN_ABOUT_RETURN_TYPE = YES_ERROR;
				GCC_WARN_UNDECLARED_SELECTOR = YES;
				GCC_WARN_UNINITIALIZED_AUTOS = YES_AGGRESSIVE;
				GCC_WARN_UNUSED_FUNCTION = YES;
				GCC_WARN_UNUSED_VARIABLE = YES;
				IPHONEOS_DEPLOYMENT_TARGET = 26.4;
				LOCALIZATION_PREFERS_STRING_CATALOGS = YES;
				MTL_ENABLE_DEBUG_INFO = NO;
				MTL_FAST_MATH = YES;
				SDKROOT = iphoneos;
				SWIFT_COMPILATION_MODE = wholemodule;
				VALIDATE_PRODUCT = YES;
			};
			name = Release;
		};
/* End XCBuildConfiguration section */

/* Begin XCConfigurationList section */
		3063E0A42FA76E390071A61B /* Build configuration list for PBXProject "150HotCold" */ = {
			isa = XCConfigurationList;
			buildConfigurations = (
				3063E0BF2FA76E3C0071A61B /* Debug */,
				3063E0C02FA76E3C0071A61B /* Release */,
			);
			defaultConfigurationIsVisible = 0;
			defaultConfigurationName = Release;
		};
		3063E0BC2FA76E3C0071A61B /* Build configuration list for PBXNativeTarget "150HotCold" */ = {
			isa = XCConfigurationList;
			buildConfigurations = (
				3063E0BD2FA76E3C0071A61B /* Debug */,
				3063E0BE2FA76E3C0071A61B /* Release */,
			);
			defaultConfigurationIsVisible = 0;
			defaultConfigurationName = Release;
		};
/* End XCConfigurationList section */
	};
	rootObject = 3063E0A12FA76E390071A61B /* Project object */;
}
