// !$*UTF8*$!
{
	archiveVersion = 1;
	classes = {
	};
	objectVersion = 60;
	objects = {

/* Begin PBXBuildFile section */
		306976822FAE7E7200EF45FD /* Assets.xcassets in Resources */ = {isa = PBXBuildFile; fileRef = 306976792FAE7E7200EF45FD /* Assets.xcassets */; };
		306976842FAE7E7200EF45FD /* LaunchScreen.storyboard in Resources */ = {isa = PBXBuildFile; fileRef = 3069767C2FAE7E7200EF45FD /* LaunchScreen.storyboard */; };
		306976852FAE7E7200EF45FD /* Main.storyboard in Resources */ = {isa = PBXBuildFile; fileRef = 3069767E2FAE7E7200EF45FD /* Main.storyboard */; };
		306976862FAE7E7200EF45FD /* DayBalanceCard.swift in Sources */ = {isa = PBXBuildFile; fileRef = 3069764F2FAE7E7200EF45FD /* DayBalanceCard.swift */; };
		306976872FAE7E7200EF45FD /* HabitRow.swift in Sources */ = {isa = PBXBuildFile; fileRef = 306976502FAE7E7200EF45FD /* HabitRow.swift */; };
		306976882FAE7E7200EF45FD /* StatCard.swift in Sources */ = {isa = PBXBuildFile; fileRef = 306976512FAE7E7200EF45FD /* StatCard.swift */; };
		306976892FAE7E7200EF45FD /* Color+HC.swift in Sources */ = {isa = PBXBuildFile; fileRef = 306976532FAE7E7200EF45FD /* Color+HC.swift */; };
		3069768A2FAE7E7200EF45FD /* HCExternalLinks.swift in Sources */ = {isa = PBXBuildFile; fileRef = 306976542FAE7E7200EF45FD /* HCExternalLinks.swift */; };
		3069768B2FAE7E7200EF45FD /* HCVisualStyle.swift in Sources */ = {isa = PBXBuildFile; fileRef = 306976552FAE7E7200EF45FD /* HCVisualStyle.swift */; };
		3069768C2FAE7E7200EF45FD /* HabitModels.swift in Sources */ = {isa = PBXBuildFile; fileRef = 306976572FAE7E7200EF45FD /* HabitModels.swift */; };
		3069768D2FAE7E7200EF45FD /* AppRouter.swift in Sources */ = {isa = PBXBuildFile; fileRef = 306976592FAE7E7200EF45FD /* AppRouter.swift */; };
		3069768E2FAE7E7200EF45FD /* PersistenceManager.swift in Sources */ = {isa = PBXBuildFile; fileRef = 3069765A2FAE7E7200EF45FD /* PersistenceManager.swift */; };
		3069768F2FAE7E7200EF45FD /* PrivacyWebView.swift in Sources */ = {isa = PBXBuildFile; fileRef = 3069765B2FAE7E7200EF45FD /* PrivacyWebView.swift */; };
		306976902FAE7E7200EF45FD /* SaveService.swift in Sources */ = {isa = PBXBuildFile; fileRef = 3069765C2FAE7E7200EF45FD /* SaveService.swift */; };
		306976912FAE7E7200EF45FD /* StartMainView.swift in Sources */ = {isa = PBXBuildFile; fileRef = 3069765D2FAE7E7200EF45FD /* StartMainView.swift */; };
		306976922FAE7E7200EF45FD /* DateFormatting.swift in Sources */ = {isa = PBXBuildFile; fileRef = 3069765F2FAE7E7200EF45FD /* DateFormatting.swift */; };
		306976932FAE7E7200EF45FD /* HotColdViewModel.swift in Sources */ = {isa = PBXBuildFile; fileRef = 306976612FAE7E7200EF45FD /* HotColdViewModel.swift */; };
		306976942FAE7E7200EF45FD /* AddHabitView.swift in Sources */ = {isa = PBXBuildFile; fileRef = 306976632FAE7E7200EF45FD /* AddHabitView.swift */; };
		306976952FAE7E7200EF45FD /* BalanceSupporting.swift in Sources */ = {isa = PBXBuildFile; fileRef = 306976652FAE7E7200EF45FD /* BalanceSupporting.swift */; };
		306976962FAE7E7200EF45FD /* BalanceView.swift in Sources */ = {isa = PBXBuildFile; fileRef = 306976662FAE7E7200EF45FD /* BalanceView.swift */; };
		306976972FAE7E7200EF45FD /* HabitDetailView.swift in Sources */ = {isa = PBXBuildFile; fileRef = 306976682FAE7E7200EF45FD /* HabitDetailView.swift */; };
		306976982FAE7E7200EF45FD /* HabitEditorView.swift in Sources */ = {isa = PBXBuildFile; fileRef = 306976692FAE7E7200EF45FD /* HabitEditorView.swift */; };
		306976992FAE7E7200EF45FD /* HistoryView.swift in Sources */ = {isa = PBXBuildFile; fileRef = 3069766B2FAE7E7200EF45FD /* HistoryView.swift */; };
		3069769A2FAE7E7200EF45FD /* HomeView.swift in Sources */ = {isa = PBXBuildFile; fileRef = 3069766D2FAE7E7200EF45FD /* HomeView.swift */; };
		3069769B2FAE7E7200EF45FD /* OnboardingView.swift in Sources */ = {isa = PBXBuildFile; fileRef = 3069766F2FAE7E7200EF45FD /* OnboardingView.swift */; };
		3069769C2FAE7E7200EF45FD /* SettingsView.swift in Sources */ = {isa = PBXBuildFile; fileRef = 306976712FAE7E7200EF45FD /* SettingsView.swift */; };
		3069769D2FAE7E7200EF45FD /* AchievementsView.swift in Sources */ = {isa = PBXBuildFile; fileRef = 306976732FAE7E7200EF45FD /* AchievementsView.swift */; };
		3069769E2FAE7E7200EF45FD /* StatsView.swift in Sources */ = {isa = PBXBuildFile; fileRef = 306976742FAE7E7200EF45FD /* StatsView.swift */; };
		3069769F2FAE7E7200EF45FD /* ContentView.swift in Sources */ = {isa = PBXBuildFile; fileRef = 306976762FAE7E7200EF45FD /* ContentView.swift */; };
		306976A02FAE7E7200EF45FD /* AppDelegate.swift in Sources */ = {isa = PBXBuildFile; fileRef = 306976782FAE7E7200EF45FD /* AppDelegate.swift */; };
		306976A12FAE7E7200EF45FD /* SceneDelegate.swift in Sources */ = {isa = PBXBuildFile; fileRef = 3069767F2FAE7E7200EF45FD /* SceneDelegate.swift */; };
		306976A22FAE7E7200EF45FD /* ViewController.swift in Sources */ = {isa = PBXBuildFile; fileRef = 306976802FAE7E7200EF45FD /* ViewController.swift */; };
/* End PBXBuildFile section */

/* Begin PBXFileReference section */
		3063E0A92FA76E390071A61B /* 150HotCold.app */ = {isa = PBXFileReference; explicitFileType = wrapper.application; includeInIndex = 0; path = 150HotCold.app; sourceTree = BUILT_PRODUCTS_DIR; };
		3069764F2FAE7E7200EF45FD /* DayBalanceCard.swift */ = {isa = PBXFileReference; lastKnownFileType = sourcecode.swift; path = DayBalanceCard.swift; sourceTree = "<group>"; };
		306976502FAE7E7200EF45FD /* HabitRow.swift */ = {isa = PBXFileReference; lastKnownFileType = sourcecode.swift; path = HabitRow.swift; sourceTree = "<group>"; };
		306976512FAE7E7200EF45FD /* StatCard.swift */ = {isa = PBXFileReference; lastKnownFileType = sourcecode.swift; path = StatCard.swift; sourceTree = "<group>"; };
		306976532FAE7E7200EF45FD /* Color+HC.swift */ = {isa = PBXFileReference; lastKnownFileType = sourcecode.swift; path = "Color+HC.swift"; sourceTree = "<group>"; };
		306976542FAE7E7200EF45FD /* HCExternalLinks.swift */ = {isa = PBXFileReference; lastKnownFileType = sourcecode.swift; path = HCExternalLinks.swift; sourceTree = "<group>"; };
		306976552FAE7E7200EF45FD /* HCVisualStyle.swift */ = {isa = PBXFileReference; lastKnownFileType = sourcecode.swift; path = HCVisualStyle.swift; sourceTree = "<group>"; };
		306976572FAE7E7200EF45FD /* HabitModels.swift */ = {isa = PBXFileReference; lastKnownFileType = sourcecode.swift; path = HabitModels.swift; sourceTree = "<group>"; };
		306976592FAE7E7200EF45FD /* AppRouter.swift */ = {isa = PBXFileReference; lastKnownFileType = sourcecode.swift; path = AppRouter.swift; sourceTree = "<group>"; };
		3069765A2FAE7E7200EF45FD /* PersistenceManager.swift */ = {isa = PBXFileReference; lastKnownFileType = sourcecode.swift; path = PersistenceManager.swift; sourceTree = "<group>"; };
		3069765B2FAE7E7200EF45FD /* PrivacyWebView.swift */ = {isa = PBXFileReference; lastKnownFileType = sourcecode.swift; path = PrivacyWebView.swift; sourceTree = "<group>"; };
		3069765C2FAE7E7200EF45FD /* SaveService.swift */ = {isa = PBXFileReference; lastKnownFileType = sourcecode.swift; path = SaveService.swift; sourceTree = "<group>"; };
		3069765D2FAE7E7200EF45FD /* StartMainView.swift */ = {isa = PBXFileReference; lastKnownFileType = sourcecode.swift; path = StartMainView.swift; sourceTree = "<group>"; };
		3069765F2FAE7E7200EF45FD /* DateFormatting.swift */ = {isa = PBXFileReference; lastKnownFileType = sourcecode.swift; path = DateFormatting.swift; sourceTree = "<group>"; };
		306976612FAE7E7200EF45FD /* HotColdViewModel.swift */ = {isa = PBXFileReference; lastKnownFileType = sourcecode.swift; path = HotColdViewModel.swift; sourceTree = "<group>"; };
		306976632FAE7E7200EF45FD /* AddHabitView.swift */ = {isa = PBXFileReference; lastKnownFileType = sourcecode.swift; path = AddHabitView.swift; sourceTree = "<group>"; };
		306976652FAE7E7200EF45FD /* BalanceSupporting.swift */ = {isa = PBXFileReference; lastKnownFileType = sourcecode.swift; path = BalanceSupporting.swift; sourceTree = "<group>"; };
		306976662FAE7E7200EF45FD /* BalanceView.swift */ = {isa = PBXFileReference; lastKnownFileType = sourcecode.swift; path = BalanceView.swift; sourceTree = "<group>"; };
		306976682FAE7E7200EF45FD /* HabitDetailView.swift */ = {isa = PBXFileReference; lastKnownFileType = sourcecode.swift; path = HabitDetailView.swift; sourceTree = "<group>"; };
		306976692FAE7E7200EF45FD /* HabitEditorView.swift */ = {isa = PBXFileReference; lastKnownFileType = sourcecode.swift; path = HabitEditorView.swift; sourceTree = "<group>"; };
		3069766B2FAE7E7200EF45FD /* HistoryView.swift */ = {isa = PBXFileReference; lastKnownFileType = sourcecode.swift; path = HistoryView.swift; sourceTree = "<group>"; };
		3069766D2FAE7E7200EF45FD /* HomeView.swift */ = {isa = PBXFileReference; lastKnownFileType = sourcecode.swift; path = HomeView.swift; sourceTree = "<group>"; };
		3069766F2FAE7E7200EF45FD /* OnboardingView.swift */ = {isa = PBXFileReference; lastKnownFileType = sourcecode.swift; path = OnboardingView.swift; sourceTree = "<group>"; };
		306976712FAE7E7200EF45FD /* SettingsView.swift */ = {isa = PBXFileReference; lastKnownFileType = sourcecode.swift; path = SettingsView.swift; sourceTree = "<group>"; };
		306976732FAE7E7200EF45FD /* AchievementsView.swift */ = {isa = PBXFileReference; lastKnownFileType = sourcecode.swift; path = AchievementsView.swift; sourceTree = "<group>"; };
		306976742FAE7E7200EF45FD /* StatsView.swift */ = {isa = PBXFileReference; lastKnownFileType = sourcecode.swift; path = StatsView.swift; sourceTree = "<group>"; };
		306976762FAE7E7200EF45FD /* ContentView.swift */ = {isa = PBXFileReference; lastKnownFileType = sourcecode.swift; path = ContentView.swift; sourceTree = "<group>"; };
		306976782FAE7E7200EF45FD /* AppDelegate.swift */ = {isa = PBXFileReference; lastKnownFileType = sourcecode.swift; path = AppDelegate.swift; sourceTree = "<group>"; };
		306976792FAE7E7200EF45FD /* Assets.xcassets */ = {isa = PBXFileReference; lastKnownFileType = folder.assetcatalog; path = Assets.xcassets; sourceTree = "<group>"; };
		3069767A2FAE7E7200EF45FD /* Info.plist */ = {isa = PBXFileReference; lastKnownFileType = text.plist.xml; path = Info.plist; sourceTree = "<group>"; };
		3069767B2FAE7E7200EF45FD /* Base */ = {isa = PBXFileReference; lastKnownFileType = file.storyboard; name = Base; path = Base.lproj/LaunchScreen.storyboard; sourceTree = "<group>"; };
		3069767D2FAE7E7200EF45FD /* Base */ = {isa = PBXFileReference; lastKnownFileType = file.storyboard; name = Base; path = Base.lproj/Main.storyboard; sourceTree = "<group>"; };
		3069767F2FAE7E7200EF45FD /* SceneDelegate.swift */ = {isa = PBXFileReference; lastKnownFileType = sourcecode.swift; path = SceneDelegate.swift; sourceTree = "<group>"; };
		306976802FAE7E7200EF45FD /* ViewController.swift */ = {isa = PBXFileReference; lastKnownFileType = sourcecode.swift; path = ViewController.swift; sourceTree = "<group>"; };
		5C8BCD4CA44407B6B4549B81 /* Pods-150HotCold.debug.xcconfig */ = {isa = PBXFileReference; includeInIndex = 1; lastKnownFileType = text.xcconfig; name = "Pods-150HotCold.debug.xcconfig"; path = "Target Support Files/Pods-150HotCold/Pods-150HotCold.debug.xcconfig"; sourceTree = "<group>"; };
		5EA02BA499D0E31DCFBE7BDE /* Pods_150HotCold.framework */ = {isa = PBXFileReference; explicitFileType = wrapper.framework; includeInIndex = 0; path = Pods_150HotCold.framework; sourceTree = BUILT_PRODUCTS_DIR; };
		D4953196AAADA53D2CC01C63 /* Pods-150HotCold.release.xcconfig */ = {isa = PBXFileReference; includeInIndex = 1; lastKnownFileType = text.xcconfig; name = "Pods-150HotCold.release.xcconfig"; path = "Target Support Files/Pods-150HotCold/Pods-150HotCold.release.xcconfig"; sourceTree = "<group>"; };
/* End PBXFileReference section */

/* Begin PBXFrameworksBuildPhase section */
		3063E0A62FA76E390071A61B /* Frameworks */ = {
			isa = PBXFrameworksBuildPhase;
			buildActionMask = 2147483647;
			files = (
			);
			runOnlyForDeploymentPostprocessing = 0;
		};
/* End PBXFrameworksBuildPhase section */

/* Begin PBXGroup section */
		3063E0A02FA76E390071A61B = {
			isa = PBXGroup;
			children = (
				306976812FAE7E7200EF45FD /* 150HotCold */,
				3063E0AA2FA76E390071A61B /* Products */,
				985E81C36C3468A572446C75 /* Pods */,
				451CDF398EC1E6025C1B07E6 /* Frameworks */,
			);
			sourceTree = "<group>";
		};
		3063E0AA2FA76E390071A61B /* Products */ = {
			isa = PBXGroup;
			children = (
				3063E0A92FA76E390071A61B /* 150HotCold.app */,
			);
			name = Products;
			sourceTree = "<group>";
		};
		306976522FAE7E7200EF45FD /* Components */ = {
			isa = PBXGroup;
			children = (
				3069764F2FAE7E7200EF45FD /* DayBalanceCard.swift */,
				306976502FAE7E7200EF45FD /* HabitRow.swift */,
				306976512FAE7E7200EF45FD /* StatCard.swift */,
			);
			path = Components;
			sourceTree = "<group>";
		};
		306976562FAE7E7200EF45FD /* Core */ = {
			isa = PBXGroup;
			children = (
				306976532FAE7E7200EF45FD /* Color+HC.swift */,
				306976542FAE7E7200EF45FD /* HCExternalLinks.swift */,
				306976552FAE7E7200EF45FD /* HCVisualStyle.swift */,
			);
			path = Core;
			sourceTree = "<group>";
		};
		306976582FAE7E7200EF45FD /* Models */ = {
			isa = PBXGroup;
			children = (
				306976572FAE7E7200EF45FD /* HabitModels.swift */,
			);
			path = Models;
			sourceTree = "<group>";
		};
		3069765E2FAE7E7200EF45FD /* Router */ = {
			isa = PBXGroup;
			children = (
				306976592FAE7E7200EF45FD /* AppRouter.swift */,
				3069765A2FAE7E7200EF45FD /* PersistenceManager.swift */,
				3069765B2FAE7E7200EF45FD /* PrivacyWebView.swift */,
				3069765C2FAE7E7200EF45FD /* SaveService.swift */,
				3069765D2FAE7E7200EF45FD /* StartMainView.swift */,
			);
			path = Router;
			sourceTree = "<group>";
		};
		306976602FAE7E7200EF45FD /* Utilities */ = {
			isa = PBXGroup;
			children = (
				3069765F2FAE7E7200EF45FD /* DateFormatting.swift */,
			);
			path = Utilities;
			sourceTree = "<group>";
		};
		306976622FAE7E7200EF45FD /* ViewModels */ = {
			isa = PBXGroup;
			children = (
				306976612FAE7E7200EF45FD /* HotColdViewModel.swift */,
			);
			path = ViewModels;
			sourceTree = "<group>";
		};
		306976642FAE7E7200EF45FD /* AddHabit */ = {
			isa = PBXGroup;
			children = (
				306976632FAE7E7200EF45FD /* AddHabitView.swift */,
			);
			path = AddHabit;
			sourceTree = "<group>";
		};
		306976672FAE7E7200EF45FD /* Balance */ = {
			isa = PBXGroup;
			children = (
				306976652FAE7E7200EF45FD /* BalanceSupporting.swift */,
				306976662FAE7E7200EF45FD /* BalanceView.swift */,
			);
			path = Balance;
			sourceTree = "<group>";
		};
		3069766A2FAE7E7200EF45FD /* Habit */ = {
			isa = PBXGroup;
			children = (
				306976682FAE7E7200EF45FD /* HabitDetailView.swift */,
				306976692FAE7E7200EF45FD /* HabitEditorView.swift */,
			);
			path = Habit;
			sourceTree = "<group>";
		};
		3069766C2FAE7E7200EF45FD /* History */ = {
			isa = PBXGroup;
			children = (
				3069766B2FAE7E7200EF45FD /* HistoryView.swift */,
			);
			path = History;
			sourceTree = "<group>";
		};
		3069766E2FAE7E7200EF45FD /* Home */ = {
			isa = PBXGroup;
			children = (
				3069766D2FAE7E7200EF45FD /* HomeView.swift */,
			);
			path = Home;
			sourceTree = "<group>";
		};
		306976702FAE7E7200EF45FD /* Onboarding */ = {
			isa = PBXGroup;
			children = (
				3069766F2FAE7E7200EF45FD /* OnboardingView.swift */,
			);
			path = Onboarding;
			sourceTree = "<group>";
		};
		306976722FAE7E7200EF45FD /* Settings */ = {
			isa = PBXGroup;
			children = (
				306976712FAE7E7200EF45FD /* SettingsView.swift */,
			);
			path = Settings;
			sourceTree = "<group>";
		};
		306976752FAE7E7200EF45FD /* Stats */ = {
			isa = PBXGroup;
			children = (
				306976732FAE7E7200EF45FD /* AchievementsView.swift */,
				306976742FAE7E7200EF45FD /* StatsView.swift */,
			);
			path = Stats;
			sourceTree = "<group>";
		};
		306976772FAE7E7200EF45FD /* Views */ = {
			isa = PBXGroup;
			children = (
				306976642FAE7E7200EF45FD /* AddHabit */,
				306976672FAE7E7200EF45FD /* Balance */,
				3069766A2FAE7E7200EF45FD /* Habit */,
				3069766C2FAE7E7200EF45FD /* History */,
				3069766E2FAE7E7200EF45FD /* Home */,
				306976702FAE7E7200EF45FD /* Onboarding */,
				306976722FAE7E7200EF45FD /* Settings */,
				306976752FAE7E7200EF45FD /* Stats */,
				306976762FAE7E7200EF45FD /* ContentView.swift */,
			);
			path = Views;
			sourceTree = "<group>";
		};
		306976812FAE7E7200EF45FD /* 150HotCold */ = {
			isa = PBXGroup;
			children = (
				306976522FAE7E7200EF45FD /* Components */,
				306976562FAE7E7200EF45FD /* Core */,
				306976582FAE7E7200EF45FD /* Models */,
				3069765E2FAE7E7200EF45FD /* Router */,
				306976602FAE7E7200EF45FD /* Utilities */,
				306976622FAE7E7200EF45FD /* ViewModels */,
				306976772FAE7E7200EF45FD /* Views */,
				306976782FAE7E7200EF45FD /* AppDelegate.swift */,
				306976792FAE7E7200EF45FD /* Assets.xcassets */,
				3069767A2FAE7E7200EF45FD /* Info.plist */,
				3069767C2FAE7E7200EF45FD /* LaunchScreen.storyboard */,
				3069767E2FAE7E7200EF45FD /* Main.storyboard */,
				3069767F2FAE7E7200EF45FD /* SceneDelegate.swift */,
				306976802FAE7E7200EF45FD /* ViewController.swift */,
			);
			path = 150HotCold;
			sourceTree = "<group>";
		};
		451CDF398EC1E6025C1B07E6 /* Frameworks */ = {
			isa = PBXGroup;
			children = (
				5EA02BA499D0E31DCFBE7BDE /* Pods_150HotCold.framework */,
			);
			name = Frameworks;
			sourceTree = "<group>";
		};
		985E81C36C3468A572446C75 /* Pods */ = {
			isa = PBXGroup;
			children = (
				5C8BCD4CA44407B6B4549B81 /* Pods-150HotCold.debug.xcconfig */,
				D4953196AAADA53D2CC01C63 /* Pods-150HotCold.release.xcconfig */,
			);
			path = Pods;
			sourceTree = "<group>";
		};
/* End PBXGroup section */

/* Begin PBXNativeTarget section */
		3063E0A82FA76E390071A61B /* 150HotCold */ = {
			isa = PBXNativeTarget;
			buildConfigurationList = 3063E0BC2FA76E3C0071A61B /* Build configuration list for PBXNativeTarget "150HotCold" */;
			buildPhases = (
				F174597C545E114C6E3FC879 /* [CP] Check Pods Manifest.lock */,
				3063E0A52FA76E390071A61B /* Sources */,
				3063E0A62FA76E390071A61B /* Frameworks */,
				3063E0A72FA76E390071A61B /* Resources */,
			);
			buildRules = (
			);
			dependencies = (
			);
			name = 150HotCold;
			productName = 150HotCold;
			productReference = 3063E0A92FA76E390071A61B /* 150HotCold.app */;
			productType = "com.apple.product-type.application";
		};
/* End PBXNativeTarget section */

/* Begin PBXProject section */
		3063E0A12FA76E390071A61B /* Project object */ = {
			isa = PBXProject;
			attributes = {
				BuildIndependentTargetsInParallel = 1;
				LastSwiftUpdateCheck = 2640;
				LastUpgradeCheck = 2640;
				TargetAttributes = {
					3063E0A82FA76E390071A61B = {
						CreatedOnToolsVersion = 26.4.1;
					};
				};
			};
			buildConfigurationList = 3063E0A42FA76E390071A61B /* Build configuration list for PBXProject "150HotCold" */;
			compatibilityVersion = "Xcode 15.0";
			developmentRegion = en;
			hasScannedForEncodings = 0;
			knownRegions = (
				en,
				Base,
			);
			mainGroup = 3063E0A02FA76E390071A61B;
			productRefGroup = 3063E0AA2FA76E390071A61B /* Products */;
			projectDirPath = "";
			projectRoot = "";
			targets = (
				3063E0A82FA76E390071A61B /* 150HotCold */,
			);
		};
/* End PBXProject section */

/* Begin PBXResourcesBuildPhase section */
		3063E0A72FA76E390071A61B /* Resources */ = {
			isa = PBXResourcesBuildPhase;
			buildActionMask = 2147483647;
			files = (
				306976822FAE7E7200EF45FD /* Assets.xcassets in Resources */,
				306976842FAE7E7200EF45FD /* LaunchScreen.storyboard in Resources */,
				306976852FAE7E7200EF45FD /* Main.storyboard in Resources */,
			);
			runOnlyForDeploymentPostprocessing = 0;
		};
/* End PBXResourcesBuildPhase section */

/* Begin PBXShellScriptBuildPhase section */
		F174597C545E114C6E3FC879 /* [CP] Check Pods Manifest.lock */ = {
			isa = PBXShellScriptBuildPhase;
			buildActionMask = 2147483647;
			files = (
			);
			inputFileListPaths = (
			);
			inputPaths = (
				"${PODS_PODFILE_DIR_PATH}/Podfile.lock",
				"${PODS_ROOT}/Manifest.lock",
			);
			name = "[CP] Check Pods Manifest.lock";
			outputFileListPaths = (
			);
			outputPaths = (
				"$(DERIVED_FILE_DIR)/Pods-150HotCold-checkManifestLockResult.txt",
			);
			runOnlyForDeploymentPostprocessing = 0;
			shellPath = /bin/sh;
			shellScript = "diff \"${PODS_PODFILE_DIR_PATH}/Podfile.lock\" \"${PODS_ROOT}/Manifest.lock\" > /dev/null\nif [ $? != 0 ] ; then\n    # print error to STDERR\n    echo \"error: The sandbox is not in sync with the Podfile.lock. Run 'pod install' or update your CocoaPods installation.\" >&2\n    exit 1\nfi\n# This output is used by Xcode 'outputs' to avoid re-running this script phase.\necho \"SUCCESS\" > \"${SCRIPT_OUTPUT_FILE_0}\"\n";
			showEnvVarsInLog = 0;
		};
/* End PBXShellScriptBuildPhase section */

/* Begin PBXSourcesBuildPhase section */
		3063E0A52FA76E390071A61B /* Sources */ = {
			isa = PBXSourcesBuildPhase;
			buildActionMask = 2147483647;
			files = (
				306976862FAE7E7200EF45FD /* DayBalanceCard.swift in Sources */,
				306976872FAE7E7200EF45FD /* HabitRow.swift in Sources */,
				306976882FAE7E7200EF45FD /* StatCard.swift in Sources */,
				306976892FAE7E7200EF45FD /* Color+HC.swift in Sources */,
				3069768A2FAE7E7200EF45FD /* HCExternalLinks.swift in Sources */,
				3069768B2FAE7E7200EF45FD /* HCVisualStyle.swift in Sources */,
				3069768C2FAE7E7200EF45FD /* HabitModels.swift in Sources */,
				3069768D2FAE7E7200EF45FD /* AppRouter.swift in Sources */,
				3069768E2FAE7E7200EF45FD /* PersistenceManager.swift in Sources */,
				3069768F2FAE7E7200EF45FD /* PrivacyWebView.swift in Sources */,
				306976902FAE7E7200EF45FD /* SaveService.swift in Sources */,
				306976912FAE7E7200EF45FD /* StartMainView.swift in Sources */,
				306976922FAE7E7200EF45FD /* DateFormatting.swift in Sources */,
				306976932FAE7E7200EF45FD /* HotColdViewModel.swift in Sources */,
				306976942FAE7E7200EF45FD /* AddHabitView.swift in Sources */,
				306976952FAE7E7200EF45FD /* BalanceSupporting.swift in Sources */,
				306976962FAE7E7200EF45FD /* BalanceView.swift in Sources */,
				306976972FAE7E7200EF45FD /* HabitDetailView.swift in Sources */,
				306976982FAE7E7200EF45FD /* HabitEditorView.swift in Sources */,
				306976992FAE7E7200EF45FD /* HistoryView.swift in Sources */,
				3069769A2FAE7E7200EF45FD /* HomeView.swift in Sources */,
				3069769B2FAE7E7200EF45FD /* OnboardingView.swift in Sources */,
				3069769C2FAE7E7200EF45FD /* SettingsView.swift in Sources */,
				3069769D2FAE7E7200EF45FD /* AchievementsView.swift in Sources */,
				3069769E2FAE7E7200EF45FD /* StatsView.swift in Sources */,
				3069769F2FAE7E7200EF45FD /* ContentView.swift in Sources */,
				306976A02FAE7E7200EF45FD /* AppDelegate.swift in Sources */,
				306976A12FAE7E7200EF45FD /* SceneDelegate.swift in Sources */,
				306976A22FAE7E7200EF45FD /* ViewController.swift in Sources */,
			);
			runOnlyForDeploymentPostprocessing = 0;
		};
/* End PBXSourcesBuildPhase section */

/* Begin PBXVariantGroup section */
		3069767C2FAE7E7200EF45FD /* LaunchScreen.storyboard */ = {
			isa = PBXVariantGroup;
			children = (
				3069767B2FAE7E7200EF45FD /* Base */,
			);
			name = LaunchScreen.storyboard;
			sourceTree = "<group>";
		};
		3069767E2FAE7E7200EF45FD /* Main.storyboard */ = {
			isa = PBXVariantGroup;
			children = (
				3069767D2FAE7E7200EF45FD /* Base */,
			);
			name = Main.storyboard;
			sourceTree = "<group>";
		};
/* End PBXVariantGroup section */

/* Begin XCBuildConfiguration section */
		3063E0BD2FA76E3C0071A61B /* Debug */ = {
			isa = XCBuildConfiguration;
			baseConfigurationReference = 5C8BCD4CA44407B6B4549B81 /* Pods-150HotCold.debug.xcconfig */;
			buildSettings = {
				ASSETCATALOG_COMPILER_APPICON_NAME = AppIcon;
				ASSETCATALOG_COMPILER_GLOBAL_ACCENT_COLOR_NAME = AccentColor;
				CODE_SIGN_STYLE = Automatic;
				CURRENT_PROJECT_VERSION = 1;
				GENERATE_INFOPLIST_FILE = YES;
				INFOPLIST_FILE = 150HotCold/Info.plist;
				INFOPLIST_KEY_CFBundleDisplayName = "Hot+Cold Balance";
				INFOPLIST_KEY_UIApplicationSupportsIndirectInputEvents = YES;
				INFOPLIST_KEY_UILaunchStoryboardName = LaunchScreen;
				INFOPLIST_KEY_UIMainStoryboardFile = Main;
				INFOPLIST_KEY_UISupportedInterfaceOrientations = UIInterfaceOrientationPortrait;
				INFOPLIST_KEY_UISupportedInterfaceOrientations_iPad = "UIInterfaceOrientationLandscapeLeft UIInterfaceOrientationLandscapeRight UIInterfaceOrientationPortrait UIInterfaceOrientationPortraitUpsideDown";
				IPHONEOS_DEPLOYMENT_TARGET = 16.6;
				LD_RUNPATH_SEARCH_PATHS = (
					"$(inherited)",
					"@executable_path/Frameworks",
				);
				MARKETING_VERSION = 1.0;
				PRODUCT_BUNDLE_IDENTIFIER = com.evo.h0tc0ldb5l5nc3;
				PRODUCT_NAME = "$(TARGET_NAME)";
				STRING_CATALOG_GENERATE_SYMBOLS = YES;
				SUPPORTED_PLATFORMS = "iphoneos iphonesimulator";
				SUPPORTS_MACCATALYST = NO;
				SUPPORTS_MAC_DESIGNED_FOR_IPHONE_IPAD = NO;
				SUPPORTS_XR_DESIGNED_FOR_IPHONE_IPAD = NO;
				SWIFT_APPROACHABLE_CONCURRENCY = YES;
				SWIFT_DEFAULT_ACTOR_ISOLATION = MainActor;
				SWIFT_EMIT_LOC_STRINGS = YES;
				SWIFT_UPCOMING_FEATURE_MEMBER_IMPORT_VISIBILITY = YES;
				SWIFT_VERSION = 5.0;
				TARGETED_DEVICE_FAMILY = 1;
			};
			name = Debug;
		};
		3063E0BE2FA76E3C0071A61B /* Release */ = {
			isa = XCBuildConfiguration;
			baseConfigurationReference = D4953196AAADA53D2CC01C63 /* Pods-150HotCold.release.xcconfig */;
			buildSettings = {
				ASSETCATALOG_COMPILER_APPICON_NAME = AppIcon;
				ASSETCATALOG_COMPILER_GLOBAL_ACCENT_COLOR_NAME = AccentColor;
				CODE_SIGN_STYLE = Automatic;
				CURRENT_PROJECT_VERSION = 1;
				GENERATE_INFOPLIST_FILE = YES;
				INFOPLIST_FILE = 150HotCold/Info.plist;
				INFOPLIST_KEY_CFBundleDisplayName = "Hot+Cold Balance";
				INFOPLIST_KEY_UIApplicationSupportsIndirectInputEvents = YES;
				INFOPLIST_KEY_UILaunchStoryboardName = LaunchScreen;
				INFOPLIST_KEY_UIMainStoryboardFile = Main;
				INFOPLIST_KEY_UISupportedInterfaceOrientations = UIInterfaceOrientationPortrait;
				INFOPLIST_KEY_UISupportedInterfaceOrientations_iPad = "UIInterfaceOrientationLandscapeLeft UIInterfaceOrientationLandscapeRight UIInterfaceOrientationPortrait UIInterfaceOrientationPortraitUpsideDown";
				IPHONEOS_DEPLOYMENT_TARGET = 16.6;
				LD_RUNPATH_SEARCH_PATHS = (
					"$(inherited)",
					"@executable_path/Frameworks",
				);
				MARKETING_VERSION = 1.0;
				PRODUCT_BUNDLE_IDENTIFIER = com.evo.h0tc0ldb5l5nc3;
				PRODUCT_NAME = "$(TARGET_NAME)";
				STRING_CATALOG_GENERATE_SYMBOLS = YES;
				SUPPORTED_PLATFORMS = "iphoneos iphonesimulator";
				SUPPORTS_MACCATALYST = NO;
				SUPPORTS_MAC_DESIGNED_FOR_IPHONE_IPAD = NO;
				SUPPORTS_XR_DESIGNED_FOR_IPHONE_IPAD = NO;
				SWIFT_APPROACHABLE_CONCURRENCY = YES;
				SWIFT_DEFAULT_ACTOR_ISOLATION = MainActor;
				SWIFT_EMIT_LOC_STRINGS = YES;
				SWIFT_UPCOMING_FEATURE_MEMBER_IMPORT_VISIBILITY = YES;
				SWIFT_VERSION = 5.0;
				TARGETED_DEVICE_FAMILY = 1;
			};
			name = Release;
		};
		3063E0BF2FA76E3C0071A61B /* Debug */ = {
			isa = XCBuildConfiguration;
			buildSettings = {
				ALWAYS_SEARCH_USER_PATHS = NO;
				ASSETCATALOG_COMPILER_GENERATE_SWIFT_ASSET_SYMBOL_EXTENSIONS = YES;
				CLANG_ANALYZER_NONNULL = YES;
				CLANG_ANALYZER_NUMBER_OBJECT_CONVERSION = YES_AGGRESSIVE;
				CLANG_CXX_LANGUAGE_STANDARD = "gnu++20";
				CLANG_ENABLE_MODULES = YES;
				CLANG_ENABLE_OBJC_ARC = YES;
				CLANG_ENABLE_OBJC_WEAK = YES;
				CLANG_WARN_BLOCK_CAPTURE_AUTORELEASING = YES;
				CLANG_WARN_BOOL_CONVERSION = YES;
				CLANG_WARN_COMMA = YES;
				CLANG_WARN_CONSTANT_CONVERSION = YES;
				CLANG_WARN_DEPRECATED_OBJC_IMPLEMENTATIONS = YES;
				CLANG_WARN_DIRECT_OBJC_ISA_USAGE = YES_ERROR;
				CLANG_WARN_DOCUMENTATION_COMMENTS = YES;
				CLANG_WARN_EMPTY_BODY = YES;
				CLANG_WARN_ENUM_CONVERSION = YES;
				CLANG_WARN_INFINITE_RECURSION = YES;
				CLANG_WARN_INT_CONVERSION = YES;
				CLANG_WARN_NON_LITERAL_NULL_CONVERSION = YES;
				CLANG_WARN_OBJC_IMPLICIT_RETAIN_SELF = YES;
				CLANG_WARN_OBJC_LITERAL_CONVERSION = YES;
				CLANG_WARN_OBJC_ROOT_CLASS = YES_ERROR;
				CLANG_WARN_QUOTED_INCLUDE_IN_FRAMEWORK_HEADER = YES;
				CLANG_WARN_RANGE_LOOP_ANALYSIS = YES;
				CLANG_WARN_STRICT_PROTOTYPES = YES;
				CLANG_WARN_SUSPICIOUS_MOVE = YES;
				CLANG_WARN_UNGUARDED_AVAILABILITY = YES_AGGRESSIVE;
				CLANG_WARN_UNREACHABLE_CODE = YES;
				CLANG_WARN__DUPLICATE_METHOD_MATCH = YES;
				COPY_PHASE_STRIP = NO;
				DEBUG_INFORMATION_FORMAT = dwarf;
				ENABLE_STRICT_OBJC_MSGSEND = YES;
				ENABLE_TESTABILITY = YES;
				ENABLE_USER_SCRIPT_SANDBOXING = YES;
				GCC_C_LANGUAGE_STANDARD = gnu17;
				GCC_DYNAMIC_NO_PIC = NO;
				GCC_NO_COMMON_BLOCKS = YES;
				GCC_OPTIMIZATION_LEVEL = 0;
				GCC_PREPROCESSOR_DEFINITIONS = (
					"DEBUG=1",
					"$(inherited)",
				);
				GCC_WARN_64_TO_32_BIT_CONVERSION = YES;
				GCC_WARN_ABOUT_RETURN_TYPE = YES_ERROR;
				GCC_WARN_UNDECLARED_SELECTOR = YES;
				GCC_WARN_UNINITIALIZED_AUTOS = YES_AGGRESSIVE;
				GCC_WARN_UNUSED_FUNCTION = YES;
				GCC_WARN_UNUSED_VARIABLE = YES;
				IPHONEOS_DEPLOYMENT_TARGET = 26.4;
				LOCALIZATION_PREFERS_STRING_CATALOGS = YES;
				MTL_ENABLE_DEBUG_INFO = INCLUDE_SOURCE;
				MTL_FAST_MATH = YES;
				ONLY_ACTIVE_ARCH = YES;
				SDKROOT = iphoneos;
				SWIFT_ACTIVE_COMPILATION_CONDITIONS = "DEBUG $(inherited)";
				SWIFT_OPTIMIZATION_LEVEL = "-Onone";
			};
			name = Debug;
		};
		3063E0C02FA76E3C0071A61B /* Release */ = {
			isa = XCBuildConfiguration;
			buildSettings = {
				ALWAYS_SEARCH_USER_PATHS = NO;
				ASSETCATALOG_COMPILER_GENERATE_SWIFT_ASSET_SYMBOL_EXTENSIONS = YES;
				CLANG_ANALYZER_NONNULL = YES;
				CLANG_ANALYZER_NUMBER_OBJECT_CONVERSION = YES_AGGRESSIVE;
				CLANG_CXX_LANGUAGE_STANDARD = "gnu++20";
				CLANG_ENABLE_MODULES = YES;
				CLANG_ENABLE_OBJC_ARC = YES;
				CLANG_ENABLE_OBJC_WEAK = YES;
				CLANG_WARN_BLOCK_CAPTURE_AUTORELEASING = YES;
				CLANG_WARN_BOOL_CONVERSION = YES;
				CLANG_WARN_COMMA = YES;
				CLANG_WARN_CONSTANT_CONVERSION = YES;
				CLANG_WARN_DEPRECATED_OBJC_IMPLEMENTATIONS = YES;
				CLANG_WARN_DIRECT_OBJC_ISA_USAGE = YES_ERROR;
				CLANG_WARN_DOCUMENTATION_COMMENTS = YES;
				CLANG_WARN_EMPTY_BODY = YES;
				CLANG_WARN_ENUM_CONVERSION = YES;
				CLANG_WARN_INFINITE_RECURSION = YES;
				CLANG_WARN_INT_CONVERSION = YES;
				CLANG_WARN_NON_LITERAL_NULL_CONVERSION = YES;
				CLANG_WARN_OBJC_IMPLICIT_RETAIN_SELF = YES;
				CLANG_WARN_OBJC_LITERAL_CONVERSION = YES;
				CLANG_WARN_OBJC_ROOT_CLASS = YES_ERROR;
				CLANG_WARN_QUOTED_INCLUDE_IN_FRAMEWORK_HEADER = YES;
				CLANG_WARN_RANGE_LOOP_ANALYSIS = YES;
				CLANG_WARN_STRICT_PROTOTYPES = YES;
				CLANG_WARN_SUSPICIOUS_MOVE = YES;
				CLANG_WARN_UNGUARDED_AVAILABILITY = YES_AGGRESSIVE;
				CLANG_WARN_UNREACHABLE_CODE = YES;
				CLANG_WARN__DUPLICATE_METHOD_MATCH = YES;
				COPY_PHASE_STRIP = NO;
				DEBUG_INFORMATION_FORMAT = "dwarf-with-dsym";
				ENABLE_NS_ASSERTIONS = NO;
				ENABLE_STRICT_OBJC_MSGSEND = YES;
				ENABLE_USER_SCRIPT_SANDBOXING = YES;
				GCC_C_LANGUAGE_STANDARD = gnu17;
				GCC_NO_COMMON_BLOCKS = YES;
				GCC_WARN_64_TO_32_BIT_CONVERSION = YES;
				GCC_WARN_ABOUT_RETURN_TYPE = YES_ERROR;
				GCC_WARN_UNDECLARED_SELECTOR = YES;
				GCC_WARN_UNINITIALIZED_AUTOS = YES_AGGRESSIVE;
				GCC_WARN_UNUSED_FUNCTION = YES;
				GCC_WARN_UNUSED_VARIABLE = YES;
				IPHONEOS_DEPLOYMENT_TARGET = 26.4;
				LOCALIZATION_PREFERS_STRING_CATALOGS = YES;
				MTL_ENABLE_DEBUG_INFO = NO;
				MTL_FAST_MATH = YES;
				SDKROOT = iphoneos;
				SWIFT_COMPILATION_MODE = wholemodule;
				VALIDATE_PRODUCT = YES;
			};
			name = Release;
		};
/* End XCBuildConfiguration section */

/* Begin XCConfigurationList section */
		3063E0A42FA76E390071A61B /* Build configuration list for PBXProject "150HotCold" */ = {
			isa = XCConfigurationList;
			buildConfigurations = (
				3063E0BF2FA76E3C0071A61B /* Debug */,
				3063E0C02FA76E3C0071A61B /* Release */,
			);
			defaultConfigurationIsVisible = 0;
			defaultConfigurationName = Release;
		};
		3063E0BC2FA76E3C0071A61B /* Build configuration list for PBXNativeTarget "150HotCold" */ = {
			isa = XCConfigurationList;
			buildConfigurations = (
				3063E0BD2FA76E3C0071A61B /* Debug */,
				3063E0BE2FA76E3C0071A61B /* Release */,
			);
			defaultConfigurationIsVisible = 0;
			defaultConfigurationName = Release;
		};
/* End XCConfigurationList section */
	};
	rootObject = 3063E0A12FA76E390071A61B /* Project object */;
}
